
Microsoft Visual Studio Solution File, Format Version 12.00
# Visual Studio Version 16
VisualStudioVersion = 16.0.31729.503
MinimumVisualStudioVersion = 10.0.40219.1
Project("{9A19103F-16F7-4668-BE54-9A1E7A4F7556}") = "Web_ExamenII", "Web_ExamenII\Web_ExamenII.csproj", "{16684E97-0F7A-45F8-BF88-91096BC0D46F}"
EndProject
Project("{9A19103F-16F7-4668-BE54-9A1E7A4F7556}") = "BD", "BD\BD.csproj", "{C8C4C375-C2D3-405C-A965-D385B73CF4CB}"
EndProject
Project("{9A19103F-16F7-4668-BE54-9A1E7A4F7556}") = "Entity", "Entity\Entity.csproj", "{D4130CC4-30C6-41CB-95BB-A6E49CCC3EED}"
EndProject
Project("{9A19103F-16F7-4668-BE54-9A1E7A4F7556}") = "WBL", "WBL\WBL.csproj", "{D9F71A12-6080-476A-90C0-C7EC11284ACA}"
EndProject
Global
	GlobalSection(SolutionConfigurationPlatforms) = preSolution
		Debug|Any CPU = Debug|Any CPU
		Release|Any CPU = Release|Any CPU
	EndGlobalSection
	GlobalSection(ProjectConfigurationPlatforms) = postSolution
		{16684E97-0F7A-45F8-BF88-91096BC0D46F}.Debug|Any CPU.ActiveCfg = Debug|Any CPU
		{16684E97-0F7A-45F8-BF88-91096BC0D46F}.Debug|Any CPU.Build.0 = Debug|Any CPU
		{16684E97-0F7A-45F8-BF88-91096BC0D46F}.Release|Any CPU.ActiveCfg = Release|Any CPU
		{16684E97-0F7A-45F8-BF88-91096BC0D46F}.Release|Any CPU.Build.0 = Release|Any CPU
		{C8C4C375-C2D3-405C-A965-D385B73CF4CB}.Debug|Any CPU.ActiveCfg = Debug|Any CPU
		{C8C4C375-C2D3-405C-A965-D385B73CF4CB}.Debug|Any CPU.Build.0 = Debug|Any CPU
		{C8C4C375-C2D3-405C-A965-D385B73CF4CB}.Release|Any CPU.ActiveCfg = Release|Any CPU
		{C8C4C375-C2D3-405C-A965-D385B73CF4CB}.Release|Any CPU.Build.0 = Release|Any CPU
		{D4130CC4-30C6-41CB-95BB-A6E49CCC3EED}.Debug|Any CPU.ActiveCfg = Debug|Any CPU
		{D4130CC4-30C6-41CB-95BB-A6E49CCC3EED}.Debug|Any CPU.Build.0 = Debug|Any CPU
		{D4130CC4-30C6-41CB-95BB-A6E49CCC3EED}.Release|Any CPU.ActiveCfg = Release|Any CPU
		{D4130CC4-30C6-41CB-95BB-A6E49CCC3EED}.Release|Any CPU.Build.0 = Release|Any CPU
		{D9F71A12-6080-476A-90C0-C7EC11284ACA}.Debug|Any CPU.ActiveCfg = Debug|Any CPU
		{D9F71A12-6080-476A-90C0-C7EC11284ACA}.Debug|Any CPU.Build.0 = Debug|Any CPU
		{D9F71A12-6080-476A-90C0-C7EC11284ACA}.Release|Any CPU.ActiveCfg = Release|Any CPU
		{D9F71A12-6080-476A-90C0-C7EC11284ACA}.Release|Any CPU.Build.0 = Release|Any CPU
	EndGlobalSection
	GlobalSection(SolutionProperties) = preSolution
		HideSolutionNode = FALSE
	EndGlobalSection
	GlobalSection(ExtensibilityGlobals) = postSolution
		SolutionGuid = {ADC54FD6-1FCA-40D4-B8EA-CF96DEEF6137}
	EndGlobalSection
EndGlobal
